{
  "version": 4,
  "terraform_version": "1.5.7",
  "serial": 2,
  "lineage": "5d9da04b-336c-5783-f050-8a15c95cac43",
  "outputs": {
    "ip_address": {
      "value": "10.128.0.24",
      "type": "string"
    },
    "public_address": {
      "value": "158.160.117.74",
      "type": "string"
    },
    "yandex_vpc_subnets": {
      "value": {
        "ru-central1-a": {
          "created_at": "2025-05-05T07:24:19Z",
          "description": "Auto-created default subnet for zone ru-central1-a in default",
          "dhcp_options": [],
          "folder_id": "b1gpm0guidv16gd8344e",
          "id": "e9bd1in4esfl51fbpca6",
          "labels": {},
          "name": "default-ru-central1-a",
          "network_id": "enpm0kl6pj9l836r0nn7",
          "route_table_id": "",
          "subnet_id": "e9bd1in4esfl51fbpca6",
          "v4_cidr_blocks": [
            "10.128.0.0/24"
          ],
          "v6_cidr_blocks": [],
          "zone": "ru-central1-a"
        },
        "ru-central1-b": {
          "created_at": "2025-05-05T07:24:19Z",
          "description": "Auto-created default subnet for zone ru-central1-b in default",
          "dhcp_options": [],
          "folder_id": "b1gpm0guidv16gd8344e",
          "id": "e2lp4aack6bd9792bp5h",
          "labels": {},
          "name": "default-ru-central1-b",
          "network_id": "enpm0kl6pj9l836r0nn7",
          "route_table_id": "",
          "subnet_id": "e2lp4aack6bd9792bp5h",
          "v4_cidr_blocks": [
            "10.129.0.0/24"
          ],
          "v6_cidr_blocks": [],
          "zone": "ru-central1-b"
        },
        "ru-central1-d": {
          "created_at": "2025-05-05T07:24:19Z",
          "description": "Auto-created default subnet for zone ru-central1-d in default",
          "dhcp_options": [],
          "folder_id": "b1gpm0guidv16gd8344e",
          "id": "fl8kkqnu6d65npbrinbu",
          "labels": {},
          "name": "default-ru-central1-d",
          "network_id": "enpm0kl6pj9l836r0nn7",
          "route_table_id": "",
          "subnet_id": "fl8kkqnu6d65npbrinbu",
          "v4_cidr_blocks": [
            "10.130.0.0/24"
          ],
          "v6_cidr_blocks": [],
          "zone": "ru-central1-d"
        }
      },
      "type": [
        "object",
        {
          "ru-central1-a": [
            "object",
            {
              "created_at": "string",
              "description": "string",
              "dhcp_options": [
                "list",
                [
                  "object",
                  {
                    "domain_name": "string",
                    "domain_name_servers": [
                      "list",
                      "string"
                    ],
                    "ntp_servers": [
                      "list",
                      "string"
                    ]
                  }
                ]
              ],
              "folder_id": "string",
              "id": "string",
              "labels": [
                "map",
                "string"
              ],
              "name": "string",
              "network_id": "string",
              "route_table_id": "string",
              "subnet_id": "string",
              "v4_cidr_blocks": [
                "list",
                "string"
              ],
              "v6_cidr_blocks": [
                "list",
                "string"
              ],
              "zone": "string"
            }
          ],
          "ru-central1-b": [
            "object",
            {
              "created_at": "string",
              "description": "string",
              "dhcp_options": [
                "list",
                [
                  "object",
                  {
                    "domain_name": "string",
                    "domain_name_servers": [
                      "list",
                      "string"
                    ],
                    "ntp_servers": [
                      "list",
                      "string"
                    ]
                  }
                ]
              ],
              "folder_id": "string",
              "id": "string",
              "labels": [
                "map",
                "string"
              ],
              "name": "string",
              "network_id": "string",
              "route_table_id": "string",
              "subnet_id": "string",
              "v4_cidr_blocks": [
                "list",
                "string"
              ],
              "v6_cidr_blocks": [
                "list",
                "string"
              ],
              "zone": "string"
            }
          ],
          "ru-central1-d": [
            "object",
            {
              "created_at": "string",
              "description": "string",
              "dhcp_options": [
                "list",
                [
                  "object",
                  {
                    "domain_name": "string",
                    "domain_name_servers": [
                      "list",
                      "string"
                    ],
                    "ntp_servers": [
                      "list",
                      "string"
                    ]
                  }
                ]
              ],
              "folder_id": "string",
              "id": "string",
              "labels": [
                "map",
                "string"
              ],
              "name": "string",
              "network_id": "string",
              "route_table_id": "string",
              "subnet_id": "string",
              "v4_cidr_blocks": [
                "list",
                "string"
              ],
              "v6_cidr_blocks": [
                "list",
                "string"
              ],
              "zone": "string"
            }
          ]
        }
      ]
    },
    "yandex_vps_networks": {
      "value": {
        "created_at": "2025-05-05T07:24:17Z",
        "default_security_group_id": "enpab68qajhg7bl49v9k",
        "description": "Auto-created network",
        "folder_id": "b1gpm0guidv16gd8344e",
        "id": "enpm0kl6pj9l836r0nn7",
        "labels": {},
        "name": "default",
        "network_id": "enpm0kl6pj9l836r0nn7",
        "subnet_ids": [
          "e2lp4aack6bd9792bp5h",
          "e9bd1in4esfl51fbpca6",
          "fl8kkqnu6d65npbrinbu"
        ]
      },
      "type": [
        "object",
        {
          "created_at": "string",
          "default_security_group_id": "string",
          "description": "string",
          "folder_id": "string",
          "id": "string",
          "labels": [
            "map",
            "string"
          ],
          "name": "string",
          "network_id": "string",
          "subnet_ids": [
            "list",
            "string"
          ]
        }
      ]
    }
  },
  "resources": [
    {
      "module": "module.yandex_cloud_network",
      "mode": "data",
      "type": "yandex_vpc_network",
      "name": "default",
      "provider": "provider[\"registry.terraform.io/yandex-cloud/yandex\"]",
      "instances": [
        {
          "schema_version": 0,
          "attributes": {
            "created_at": "2025-05-05T07:24:17Z",
            "default_security_group_id": "enpab68qajhg7bl49v9k",
            "description": "Auto-created network",
            "folder_id": "b1gpm0guidv16gd8344e",
            "id": "enpm0kl6pj9l836r0nn7",
            "labels": {},
            "name": "default",
            "network_id": "enpm0kl6pj9l836r0nn7",
            "subnet_ids": [
              "e2lp4aack6bd9792bp5h",
              "e9bd1in4esfl51fbpca6",
              "fl8kkqnu6d65npbrinbu"
            ]
          },
          "sensitive_attributes": []
        }
      ]
    },
    {
      "module": "module.yandex_cloud_network",
      "mode": "data",
      "type": "yandex_vpc_subnet",
      "name": "default",
      "provider": "provider[\"registry.terraform.io/yandex-cloud/yandex\"]",
      "instances": [
        {
          "index_key": "ru-central1-a",
          "schema_version": 0,
          "attributes": {
            "created_at": "2025-05-05T07:24:19Z",
            "description": "Auto-created default subnet for zone ru-central1-a in default",
            "dhcp_options": [],
            "folder_id": "b1gpm0guidv16gd8344e",
            "id": "e9bd1in4esfl51fbpca6",
            "labels": {},
            "name": "default-ru-central1-a",
            "network_id": "enpm0kl6pj9l836r0nn7",
            "route_table_id": "",
            "subnet_id": "e9bd1in4esfl51fbpca6",
            "v4_cidr_blocks": [
              "10.128.0.0/24"
            ],
            "v6_cidr_blocks": [],
            "zone": "ru-central1-a"
          },
          "sensitive_attributes": []
        },
        {
          "index_key": "ru-central1-b",
          "schema_version": 0,
          "attributes": {
            "created_at": "2025-05-05T07:24:19Z",
            "description": "Auto-created default subnet for zone ru-central1-b in default",
            "dhcp_options": [],
            "folder_id": "b1gpm0guidv16gd8344e",
            "id": "e2lp4aack6bd9792bp5h",
            "labels": {},
            "name": "default-ru-central1-b",
            "network_id": "enpm0kl6pj9l836r0nn7",
            "route_table_id": "",
            "subnet_id": "e2lp4aack6bd9792bp5h",
            "v4_cidr_blocks": [
              "10.129.0.0/24"
            ],
            "v6_cidr_blocks": [],
            "zone": "ru-central1-b"
          },
          "sensitive_attributes": []
        },
        {
          "index_key": "ru-central1-d",
          "schema_version": 0,
          "attributes": {
            "created_at": "2025-05-05T07:24:19Z",
            "description": "Auto-created default subnet for zone ru-central1-d in default",
            "dhcp_options": [],
            "folder_id": "b1gpm0guidv16gd8344e",
            "id": "fl8kkqnu6d65npbrinbu",
            "labels": {},
            "name": "default-ru-central1-d",
            "network_id": "enpm0kl6pj9l836r0nn7",
            "route_table_id": "",
            "subnet_id": "fl8kkqnu6d65npbrinbu",
            "v4_cidr_blocks": [
              "10.130.0.0/24"
            ],
            "v6_cidr_blocks": [],
            "zone": "ru-central1-d"
          },
          "sensitive_attributes": []
        }
      ]
    },
    {
      "module": "module.yandex_cloud_vm",
      "mode": "data",
      "type": "yandex_compute_image",
      "name": "my_image",
      "provider": "provider[\"registry.terraform.io/yandex-cloud/yandex\"]",
      "instances": [
        {
          "schema_version": 0,
          "attributes": {
            "created_at": "2025-05-05T11:06:24Z",
            "description": "Ubuntu 22.04 lts v20250502030619",
            "family": "ubuntu-2204-lts",
            "folder_id": "standard-images",
            "hardware_generation": [
              {
                "generation2_features": [],
                "legacy_features": [
                  {
                    "pci_topology": "PCI_TOPOLOGY_V1"
                  }
                ]
              }
            ],
            "id": "fd8136cthbfr503tjj72",
            "image_id": "fd8136cthbfr503tjj72",
            "kms_key_id": null,
            "labels": {
              "version": "20250502030619",
              "x-hopper-operation-id": "d9p3qoopi26vsvs4tail",
              "x-hopper-source-image-id": "fd8bpmo3aoidtgipjdp6"
            },
            "min_disk_size": 8,
            "name": "ubuntu-22-04-lts-v20250505",
            "os_type": "linux",
            "pooled": true,
            "product_ids": [
              "f2er2h40eej8fthn21qd"
            ],
            "size": 3,
            "status": "ready"
          },
          "sensitive_attributes": [
            [
              {
                "type": "get_attr",
                "value": "family"
              }
            ]
          ]
        }
      ]
    },
    {
      "module": "module.yandex_cloud_vm",
      "mode": "managed",
      "type": "yandex_compute_instance",
      "name": "vm-1",
      "provider": "provider[\"registry.terraform.io/yandex-cloud/yandex\"]",
      "instances": [
        {
          "schema_version": 1,
          "attributes": {
            "allow_recreate": null,
            "allow_stopping_for_update": null,
            "boot_disk": [
              {
                "auto_delete": true,
                "device_name": "fhm8hsd93lceuo6gkv9c",
                "disk_id": "fhm8hsd93lceuo6gkv9c",
                "initialize_params": [
                  {
                    "block_size": 4096,
                    "description": "",
                    "image_id": "fd8136cthbfr503tjj72",
                    "kms_key_id": "",
                    "name": "",
                    "size": 40,
                    "snapshot_id": "",
                    "type": "network-hdd"
                  }
                ],
                "mode": "READ_WRITE"
              }
            ],
            "created_at": "2025-05-05T16:04:59Z",
            "description": "",
            "filesystem": [],
            "folder_id": "b1gpm0guidv16gd8344e",
            "fqdn": "fhm6m7ke810rjo3jg612.auto.internal",
            "gpu_cluster_id": "",
            "hardware_generation": [
              {
                "generation2_features": [],
                "legacy_features": [
                  {
                    "pci_topology": "PCI_TOPOLOGY_V1"
                  }
                ]
              }
            ],
            "hostname": "",
            "id": "fhm6m7ke810rjo3jg612",
            "labels": null,
            "local_disk": [],
            "maintenance_grace_period": "",
            "maintenance_policy": null,
            "metadata": {
              "user-data": "#cloud-config\nusers:\n  - name: ansible\n    groups: sudo\n    shell: /bin/bash\n    sudo: 'ALL=(ALL) NOPASSWD:ALL'\n    ssh_authorized_keys:\n      - ssh-rsa AAAAB3NzaC1yc2EAAAADAQABAAABgQCgL0EwKPb1Cqbzk+n/Kt7WU6Y+a6YCICf16a0fv3t37sCPy8HJfKcfHK/n6yNGQ8ylwvquz2NvvBvL3Sk6s6Q28cblAnzTY2aWJvRM6kfTADCHZteHvTCIHrb9BA3whcipaPtg5JUFppFHQCnSA7KNaeY1p+dBPXYLvigd9Ys+LiYZzkh0yKdgzRizS8w4VjGUV3PRTW+MpSm4lc+dnJm/C2dYU8KeOFGdwCZevEBd2bVX/XzdfjLKqHx+a8jUmOlv2enNxDmfIJO4lGg7wey8YTnBKC7YFe2dr+qU3HcfdgllexzCiaQmRTN82eymz9HSYHrNo+56rceB0eCPU2yVHQlHteX7jzHsPYzaFCG1EKbnFVv6HojIHoIvatNQQCNdX56yxs4LmSOi8EOFURm/w/5tKGy+HInD11LWBhOTumpvik/H+A0mFpKtyGMUZh5ul/H81KOaMiWbcgwEyJ2Ye7f3miUf3RMUEN+XIXLG94DDhwFUxkwpRPtKOfRSo0E= student@fhmu96a2tvnlaharf7rb\na"
            },
            "metadata_options": [
              {
                "aws_v1_http_endpoint": 1,
                "aws_v1_http_token": 2,
                "gce_http_endpoint": 1,
                "gce_http_token": 1
              }
            ],
            "name": "test_vm",
            "network_acceleration_type": "standard",
            "network_interface": [
              {
                "dns_record": [],
                "index": 0,
                "ip_address": "10.128.0.24",
                "ipv4": true,
                "ipv6": false,
                "ipv6_address": "",
                "ipv6_dns_record": [],
                "mac_address": "d0:0d:6b:1e:8e:40",
                "nat": true,
                "nat_dns_record": [],
                "nat_ip_address": "158.160.117.74",
                "nat_ip_version": "IPV4",
                "security_group_ids": [],
                "subnet_id": "e9bd1in4esfl51fbpca6"
              }
            ],
            "placement_policy": [
              {
                "host_affinity_rules": [],
                "placement_group_id": "",
                "placement_group_partition": 0
              }
            ],
            "platform_id": "standard-v1",
            "resources": [
              {
                "core_fraction": 100,
                "cores": 2,
                "gpus": 0,
                "memory": 2
              }
            ],
            "scheduling_policy": [
              {
                "preemptible": true
              }
            ],
            "secondary_disk": [],
            "service_account_id": "",
            "status": "running",
            "timeouts": null,
            "zone": "ru-central1-a"
          },
          "sensitive_attributes": [
            [
              {
                "type": "get_attr",
                "value": "name"
              }
            ]
          ],
          "private": "eyJlMmJmYjczMC1lY2FhLTExZTYtOGY4OC0zNDM2M2JjN2M0YzAiOnsiY3JlYXRlIjozMDAwMDAwMDAwMDAsImRlbGV0ZSI6MzAwMDAwMDAwMDAwLCJ1cGRhdGUiOjMwMDAwMDAwMDAwMH0sInNjaGVtYV92ZXJzaW9uIjoiMSJ9",
          "dependencies": [
            "module.yandex_cloud_network.data.yandex_vpc_subnet.default",
            "module.yandex_cloud_vm.data.yandex_compute_image.my_image"
          ]
        }
      ]
    }
  ],
  "check_results": null
}
